{
  "name": "raml2obj",
  "version": "5.0.6",
  "lockfileVersion": 1,
  "requires": true,
  "dependencies": {
    "amdefine": {
      "version": "0.0.8",
      "resolved": "https://registry.npmjs.org/amdefine/-/amdefine-0.0.8.tgz",
      "integrity": "sha1-NNyMmB5qyzvhhTvvjw7JSjnVW6A=",
      "dev": true
    },
    "asap": {
      "version": "2.0.6",
      "resolved": "https://registry.npmjs.org/asap/-/asap-2.0.6.tgz",
      "integrity": "sha1-5QNHYR1+aQlDIIu9r+vLwvuGbUY=",
      "dev": true
    },
    "assertion-error": {
      "version": "1.0.2",
      "resolved": "https://registry.npmjs.org/assertion-error/-/assertion-error-1.0.2.tgz",
      "integrity": "sha1-E8pRXYYgbaC6xm6DTdOX2HWBCUw=",
      "dev": true
    },
    "balanced-match": {
      "version": "1.0.0",
      "resolved": "https://registry.npmjs.org/balanced-match/-/balanced-match-1.0.0.tgz",
      "integrity": "sha1-ibTRmasr7kneFk6gK4nORi1xt2c=",
      "dev": true
    },
    "base64url": {
      "version": "1.0.6",
      "resolved": "https://registry.npmjs.org/base64url/-/base64url-1.0.6.tgz",
      "integrity": "sha1-1k03XWinxkDZEuI1jRcNylu1RoE=",
      "dev": true,
      "requires": {
        "concat-stream": "1.4.10",
        "meow": "2.0.0"
      },
      "dependencies": {
        "concat-stream": {
          "version": "1.4.10",
          "resolved": "https://registry.npmjs.org/concat-stream/-/concat-stream-1.4.10.tgz",
          "integrity": "sha1-rMO79WAsuMyYDGrIQPp9hgPj7zY=",
          "dev": true,
          "requires": {
            "inherits": "2.0.3",
            "readable-stream": "1.1.14",
            "typedarray": "0.0.6"
          }
        }
      }
    },
    "brace-expansion": {
      "version": "1.1.8",
      "resolved": "https://registry.npmjs.org/brace-expansion/-/brace-expansion-1.1.8.tgz",
      "integrity": "sha1-wHshHHyVLsH479Uad+8NHTmQopI=",
      "dev": true,
      "requires": {
        "balanced-match": "1.0.0",
        "concat-map": "0.0.1"
      }
    },
    "browser-stdout": {
      "version": "1.3.0",
      "resolved": "https://registry.npmjs.org/browser-stdout/-/browser-stdout-1.3.0.tgz",
      "integrity": "sha1-81HTKWnTL6XXpVZxVCY9korjvR8=",
      "dev": true
    },
    "camel-case": {
      "version": "1.2.2",
      "resolved": "https://registry.npmjs.org/camel-case/-/camel-case-1.2.2.tgz",
      "integrity": "sha1-Gsp8TRlTWaLOmVV5NDPG5VQlEfI=",
      "dev": true,
      "requires": {
        "sentence-case": "1.1.3",
        "upper-case": "1.1.3"
      }
    },
    "camelcase": {
      "version": "1.2.1",
      "resolved": "https://registry.npmjs.org/camelcase/-/camelcase-1.2.1.tgz",
      "integrity": "sha1-m7UwTS4LVmmLLHWLCKPqqdqlijk=",
      "dev": true
    },
    "camelcase-keys": {
      "version": "1.0.0",
      "resolved": "https://registry.npmjs.org/camelcase-keys/-/camelcase-keys-1.0.0.tgz",
      "integrity": "sha1-vRoRv5sxoc5JNJOpMN4aC69K1+w=",
      "dev": true,
      "requires": {
        "camelcase": "1.2.1",
        "map-obj": "1.0.1"
      }
    },
    "caseless": {
      "version": "0.11.0",
      "resolved": "https://registry.npmjs.org/caseless/-/caseless-0.11.0.tgz",
      "integrity": "sha1-cVuW6phBWTzDMGeSP17GDr2k99c=",
      "dev": true
    },
    "chai": {
      "version": "4.1.2",
      "resolved": "https://registry.npmjs.org/chai/-/chai-4.1.2.tgz",
      "integrity": "sha1-D2RYS6ZC8PKs4oBiefTwbKI61zw=",
      "dev": true,
      "requires": {
        "assertion-error": "1.0.2",
        "check-error": "1.0.2",
        "deep-eql": "3.0.1",
        "get-func-name": "2.0.0",
        "pathval": "1.1.0",
        "type-detect": "4.0.3"
      }
    },
    "change-case": {
      "version": "2.3.1",
      "resolved": "https://registry.npmjs.org/change-case/-/change-case-2.3.1.tgz",
      "integrity": "sha1-LE/ePwY7tB0AzWjg1aCdthy+iU8=",
      "dev": true,
      "requires": {
        "camel-case": "1.2.2",
        "constant-case": "1.1.2",
        "dot-case": "1.1.2",
        "is-lower-case": "1.1.3",
        "is-upper-case": "1.1.2",
        "lower-case": "1.1.4",
        "lower-case-first": "1.0.2",
        "param-case": "1.1.2",
        "pascal-case": "1.1.2",
        "path-case": "1.1.2",
        "sentence-case": "1.1.3",
        "snake-case": "1.1.2",
        "swap-case": "1.1.2",
        "title-case": "1.1.2",
        "upper-case": "1.1.3",
        "upper-case-first": "1.1.2"
      }
    },
    "check-error": {
      "version": "1.0.2",
      "resolved": "https://registry.npmjs.org/check-error/-/check-error-1.0.2.tgz",
      "integrity": "sha1-V00xLt2Iu13YkS6Sht1sCu1KrII=",
      "dev": true
    },
    "commander": {
      "version": "2.9.0",
      "resolved": "https://registry.npmjs.org/commander/-/commander-2.9.0.tgz",
      "integrity": "sha1-nJkJQXbhIkDLItbFFGCYQA/g99Q=",
      "dev": true,
      "requires": {
        "graceful-readlink": "1.0.1"
      }
    },
    "concat-map": {
      "version": "0.0.1",
      "resolved": "https://registry.npmjs.org/concat-map/-/concat-map-0.0.1.tgz",
      "integrity": "sha1-2Klr13/Wjfd5OnMDajug1UBdR3s=",
      "dev": true
    },
    "concat-stream": {
      "version": "1.6.0",
      "resolved": "https://registry.npmjs.org/concat-stream/-/concat-stream-1.6.0.tgz",
      "integrity": "sha1-CqxmL9Ur54lk1VMvaUeE5wEQrPc=",
      "dev": true,
      "requires": {
        "inherits": "2.0.3",
        "readable-stream": "2.3.3",
        "typedarray": "0.0.6"
      },
      "dependencies": {
        "isarray": {
          "version": "1.0.0",
          "resolved": "https://registry.npmjs.org/isarray/-/isarray-1.0.0.tgz",
          "integrity": "sha1-u5NdSFgsuhaMBoNJV6VKPgcSTxE=",
          "dev": true
        },
        "readable-stream": {
          "version": "2.3.3",
          "resolved": "https://registry.npmjs.org/readable-stream/-/readable-stream-2.3.3.tgz",
          "integrity": "sha512-m+qzzcn7KUxEmd1gMbchF+Y2eIUbieUaxkWtptyHywrX0rE8QEYqPC07Vuy4Wm32/xE16NcdBctb8S0Xe/5IeQ==",
          "dev": true,
          "requires": {
            "core-util-is": "1.0.2",
            "inherits": "2.0.3",
            "isarray": "1.0.0",
            "process-nextick-args": "1.0.7",
            "safe-buffer": "5.1.1",
            "string_decoder": "1.0.3",
            "util-deprecate": "1.0.2"
          }
        },
        "string_decoder": {
          "version": "1.0.3",
          "resolved": "https://registry.npmjs.org/string_decoder/-/string_decoder-1.0.3.tgz",
          "integrity": "sha512-4AH6Z5fzNNBcH+6XDMfA/BTt87skxqJlO0lAh3Dker5zThcAxG6mKz+iGu308UKoPPQ8Dcqx/4JhujzltRa+hQ==",
          "dev": true,
          "requires": {
            "safe-buffer": "5.1.1"
          }
        }
      }
    },
    "constant-case": {
      "version": "1.1.2",
      "resolved": "https://registry.npmjs.org/constant-case/-/constant-case-1.1.2.tgz",
      "integrity": "sha1-jsLKW6ND4Aqjjb9OIA/VrJB+/WM=",
      "dev": true,
      "requires": {
        "snake-case": "1.1.2",
        "upper-case": "1.1.3"
      }
    },
    "core-util-is": {
      "version": "1.0.2",
      "resolved": "https://registry.npmjs.org/core-util-is/-/core-util-is-1.0.2.tgz",
      "integrity": "sha1-tf1UIgqivFq1eqtxQMlAdUUDwac=",
      "dev": true
    },
    "datatype-expansion": {
      "version": "0.1.1",
      "resolved": "https://registry.npmjs.org/datatype-expansion/-/datatype-expansion-0.1.1.tgz",
      "integrity": "sha1-1RCTj9Qbrhg2FkglUmhTc7mY3sI="
    },
    "date-and-time": {
      "version": "0.3.0",
      "resolved": "https://registry.npmjs.org/date-and-time/-/date-and-time-0.3.0.tgz",
      "integrity": "sha1-V2pvpgBhEmSk0F5Bpq6E1qUVKiQ=",
      "dev": true
    },
    "debug": {
      "version": "2.2.0",
      "resolved": "https://registry.npmjs.org/debug/-/debug-2.2.0.tgz",
      "integrity": "sha1-+HBX6ZWxofauaklgZkE3vFbwOdo=",
      "dev": true,
      "requires": {
        "ms": "0.7.1"
      }
    },
    "deep-eql": {
      "version": "3.0.1",
      "resolved": "https://registry.npmjs.org/deep-eql/-/deep-eql-3.0.1.tgz",
      "integrity": "sha512-+QeIQyN5ZuO+3Uk5DYh6/1eKO0m0YmJFGNmFHGACpf1ClL1nmlV/p4gNgbl2pJGxgXb4faqo6UE+M5ACEMyVcw==",
      "dev": true,
      "requires": {
        "type-detect": "4.0.3"
      }
    },
    "diff": {
      "version": "1.4.0",
      "resolved": "https://registry.npmjs.org/diff/-/diff-1.4.0.tgz",
      "integrity": "sha1-fyjS657nsVqX79ic5j3P2qPMur8=",
      "dev": true
    },
    "dot-case": {
      "version": "1.1.2",
      "resolved": "https://registry.npmjs.org/dot-case/-/dot-case-1.1.2.tgz",
      "integrity": "sha1-HnOCaQDeKNbeVIC8HeMdCEKwa+w=",
      "dev": true,
      "requires": {
        "sentence-case": "1.1.3"
      }
    },
    "escape-string-regexp": {
      "version": "1.0.5",
      "resolved": "https://registry.npmjs.org/escape-string-regexp/-/escape-string-regexp-1.0.5.tgz",
      "integrity": "sha1-G2HAViGQqN/2rjuyzwIAyhMLhtQ=",
      "dev": true
    },
    "fs.realpath": {
      "version": "1.0.0",
      "resolved": "https://registry.npmjs.org/fs.realpath/-/fs.realpath-1.0.0.tgz",
      "integrity": "sha1-FQStJSMVjKpA20onh8sBQRmU6k8=",
      "dev": true
    },
    "get-func-name": {
      "version": "2.0.0",
      "resolved": "https://registry.npmjs.org/get-func-name/-/get-func-name-2.0.0.tgz",
      "integrity": "sha1-6td0q+5y4gQJQzoGY2YCPdaIekE=",
      "dev": true
    },
    "get-stdin": {
      "version": "4.0.1",
      "resolved": "https://registry.npmjs.org/get-stdin/-/get-stdin-4.0.1.tgz",
      "integrity": "sha1-uWjGsKBDhDJJAui/Gl3zJXmkUP4=",
      "dev": true
    },
    "glob": {
      "version": "7.1.2",
      "resolved": "https://registry.npmjs.org/glob/-/glob-7.1.2.tgz",
      "integrity": "sha512-MJTUg1kjuLeQCJ+ccE4Vpa6kKVXkPYJ2mOCQyUuKLcLQsdrMCpBPUi8qVE6+YuaJkozeA9NusTAw3hLr8Xe5EQ==",
      "dev": true,
      "requires": {
        "fs.realpath": "1.0.0",
        "inflight": "1.0.6",
        "inherits": "2.0.3",
        "minimatch": "3.0.4",
        "once": "1.4.0",
        "path-is-absolute": "1.0.1"
      }
    },
    "graceful-readlink": {
      "version": "1.0.1",
      "resolved": "https://registry.npmjs.org/graceful-readlink/-/graceful-readlink-1.0.1.tgz",
      "integrity": "sha1-TK+tdrxi8C+gObL5Tpo906ORpyU=",
      "dev": true
    },
    "growl": {
      "version": "1.9.2",
      "resolved": "https://registry.npmjs.org/growl/-/growl-1.9.2.tgz",
      "integrity": "sha1-Dqd0NxXbjY3ixe3hd14bRayFwC8=",
      "dev": true
    },
    "has-flag": {
      "version": "1.0.0",
      "resolved": "https://registry.npmjs.org/has-flag/-/has-flag-1.0.0.tgz",
      "integrity": "sha1-nZ55MWXOAXoA8AQYxD+UKnsdEfo=",
      "dev": true
    },
    "http-basic": {
      "version": "2.5.1",
      "resolved": "https://registry.npmjs.org/http-basic/-/http-basic-2.5.1.tgz",
      "integrity": "sha1-jORHvbW2xXf4pj4/p4BW7Eu02/s=",
      "dev": true,
      "requires": {
        "caseless": "0.11.0",
        "concat-stream": "1.6.0",
        "http-response-object": "1.1.0"
      }
    },
    "http-response-object": {
      "version": "1.1.0",
      "resolved": "https://registry.npmjs.org/http-response-object/-/http-response-object-1.1.0.tgz",
      "integrity": "sha1-p8TnWq6C87tJBOT0P2FWc7TVGMM=",
      "dev": true
    },
    "indent-string": {
      "version": "1.2.2",
      "resolved": "https://registry.npmjs.org/indent-string/-/indent-string-1.2.2.tgz",
      "integrity": "sha1-25m8xYPrarux5I3LsZmamGBBy2s=",
      "dev": true,
      "requires": {
        "get-stdin": "4.0.1",
        "minimist": "1.2.0",
        "repeating": "1.1.3"
      },
      "dependencies": {
        "minimist": {
          "version": "1.2.0",
          "resolved": "https://registry.npmjs.org/minimist/-/minimist-1.2.0.tgz",
          "integrity": "sha1-o1AIsg9BOD7sH7kU9M1d95omQoQ=",
          "dev": true
        }
      }
    },
    "inflight": {
      "version": "1.0.6",
      "resolved": "https://registry.npmjs.org/inflight/-/inflight-1.0.6.tgz",
      "integrity": "sha1-Sb1jMdfQLQwJvJEKEHW6gWW1bfk=",
      "dev": true,
      "requires": {
        "once": "1.4.0",
        "wrappy": "1.0.2"
      }
    },
    "inherits": {
      "version": "2.0.3",
      "resolved": "https://registry.npmjs.org/inherits/-/inherits-2.0.3.tgz",
      "integrity": "sha1-Yzwsg+PaQqUC9SRmAiSA9CCCYd4=",
      "dev": true
    },
    "invariant": {
      "version": "2.2.2",
      "resolved": "https://registry.npmjs.org/invariant/-/invariant-2.2.2.tgz",
      "integrity": "sha1-nh9WrArNtr8wMwbzOL47IErmA2A=",
      "dev": true,
      "requires": {
        "loose-envify": "1.3.1"
      }
    },
    "is-finite": {
      "version": "1.0.2",
      "resolved": "https://registry.npmjs.org/is-finite/-/is-finite-1.0.2.tgz",
      "integrity": "sha1-zGZ3aVYCvlUO8R6LSqYwU0K20Ko=",
      "dev": true,
      "requires": {
        "number-is-nan": "1.0.1"
      }
    },
    "is-lower-case": {
      "version": "1.1.3",
      "resolved": "https://registry.npmjs.org/is-lower-case/-/is-lower-case-1.1.3.tgz",
      "integrity": "sha1-fhR75HaNxGbbO/shzGCzHmrWk5M=",
      "dev": true,
      "requires": {
        "lower-case": "1.1.4"
      }
    },
    "is-upper-case": {
      "version": "1.1.2",
      "resolved": "https://registry.npmjs.org/is-upper-case/-/is-upper-case-1.1.2.tgz",
      "integrity": "sha1-jQsfp+eTOh5YSDYA7H2WYcuvdW8=",
      "dev": true,
      "requires": {
        "upper-case": "1.1.3"
      }
    },
    "isarray": {
      "version": "0.0.1",
      "resolved": "https://registry.npmjs.org/isarray/-/isarray-0.0.1.tgz",
      "integrity": "sha1-ihis/Kmo9Bd+Cav8YDiTmwXR7t8=",
      "dev": true
    },
    "js-tokens": {
      "version": "3.0.2",
      "resolved": "https://registry.npmjs.org/js-tokens/-/js-tokens-3.0.2.tgz",
      "integrity": "sha1-mGbfOVECEw449/mWvOtlRDIJwls=",
      "dev": true
    },
    "json-schema-compatibility": {
      "version": "1.1.0",
      "resolved": "https://registry.npmjs.org/json-schema-compatibility/-/json-schema-compatibility-1.1.0.tgz",
      "integrity": "sha1-GomBd4zaDDgYcpjZmdCJ5Rrygt8=",
      "dev": true
    },
    "json-stable-stringify": {
      "version": "1.0.1",
      "resolved": "https://registry.npmjs.org/json-stable-stringify/-/json-stable-stringify-1.0.1.tgz",
      "integrity": "sha1-mnWdOcXy/1A/1TAGRu1EX4jE+a8=",
      "dev": true,
      "requires": {
        "jsonify": "0.0.0"
      }
    },
    "json3": {
      "version": "3.3.2",
      "resolved": "https://registry.npmjs.org/json3/-/json3-3.3.2.tgz",
      "integrity": "sha1-PAQ0dD35Pi9cQq7nsZvLSDV19OE=",
      "dev": true
    },
    "jsonify": {
      "version": "0.0.0",
      "resolved": "https://registry.npmjs.org/jsonify/-/jsonify-0.0.0.tgz",
      "integrity": "sha1-LHS27kHZPKUbe1qu6PUDYx0lKnM=",
      "dev": true
    },
    "know-your-http-well": {
      "version": "0.2.0",
      "resolved": "https://registry.npmjs.org/know-your-http-well/-/know-your-http-well-0.2.0.tgz",
      "integrity": "sha1-E5IhCQtfl2JE6Xyq4RYUOYOdr+8=",
      "dev": true,
      "requires": {
        "amdefine": "0.0.8"
      }
    },
    "lodash._baseassign": {
      "version": "3.2.0",
      "resolved": "https://registry.npmjs.org/lodash._baseassign/-/lodash._baseassign-3.2.0.tgz",
      "integrity": "sha1-jDigmVAPIVrQnlnxci/QxSv+Ck4=",
      "dev": true,
      "requires": {
        "lodash._basecopy": "3.0.1",
        "lodash.keys": "3.1.2"
      }
    },
    "lodash._basecopy": {
      "version": "3.0.1",
      "resolved": "https://registry.npmjs.org/lodash._basecopy/-/lodash._basecopy-3.0.1.tgz",
      "integrity": "sha1-jaDmqHbPNEwK2KVIghEd08XHyjY=",
      "dev": true
    },
    "lodash._basecreate": {
      "version": "3.0.3",
      "resolved": "https://registry.npmjs.org/lodash._basecreate/-/lodash._basecreate-3.0.3.tgz",
      "integrity": "sha1-G8ZhYU2qf8MRt9A78WgGoCE8+CE=",
      "dev": true
    },
    "lodash._getnative": {
      "version": "3.9.1",
      "resolved": "https://registry.npmjs.org/lodash._getnative/-/lodash._getnative-3.9.1.tgz",
      "integrity": "sha1-VwvH3t5G1hzc3mh9ZdPuy6o6r/U=",
      "dev": true
    },
    "lodash._isiterateecall": {
      "version": "3.0.9",
      "resolved": "https://registry.npmjs.org/lodash._isiterateecall/-/lodash._isiterateecall-3.0.9.tgz",
      "integrity": "sha1-UgOte6Ql+uhCRg5pbbnPPmqsBXw=",
      "dev": true
    },
    "lodash.create": {
      "version": "3.1.1",
      "resolved": "https://registry.npmjs.org/lodash.create/-/lodash.create-3.1.1.tgz",
      "integrity": "sha1-1/KEnw29p+BGgruM1yqwIkYd6+c=",
      "dev": true,
      "requires": {
        "lodash._baseassign": "3.2.0",
        "lodash._basecreate": "3.0.3",
        "lodash._isiterateecall": "3.0.9"
      }
    },
    "lodash.get": {
      "version": "4.4.2",
      "resolved": "https://registry.npmjs.org/lodash.get/-/lodash.get-4.4.2.tgz",
      "integrity": "sha1-LRd/ZS+jHpObRDjVNBSZ36OCXpk=",
      "dev": true
    },
    "lodash.isarguments": {
      "version": "3.1.0",
      "resolved": "https://registry.npmjs.org/lodash.isarguments/-/lodash.isarguments-3.1.0.tgz",
      "integrity": "sha1-L1c9hcaiQon/AGY7SRwdM4/zRYo=",
      "dev": true
    },
    "lodash.isarray": {
      "version": "3.0.4",
      "resolved": "https://registry.npmjs.org/lodash.isarray/-/lodash.isarray-3.0.4.tgz",
      "integrity": "sha1-eeTriMNqgSKvhvhEqpvNhRtfu1U=",
      "dev": true
    },
    "lodash.isequal": {
      "version": "4.5.0",
      "resolved": "https://registry.npmjs.org/lodash.isequal/-/lodash.isequal-4.5.0.tgz",
      "integrity": "sha1-QVxEePK8wwEgwizhDtMib30+GOA=",
      "dev": true
    },
    "lodash.keys": {
      "version": "3.1.2",
      "resolved": "https://registry.npmjs.org/lodash.keys/-/lodash.keys-3.1.2.tgz",
      "integrity": "sha1-TbwEcrFWvlCgsoaFXRvQsMZWCYo=",
      "dev": true,
      "requires": {
        "lodash._getnative": "3.9.1",
        "lodash.isarguments": "3.1.0",
        "lodash.isarray": "3.0.4"
      }
    },
    "loophole": {
      "version": "1.1.0",
      "resolved": "https://registry.npmjs.org/loophole/-/loophole-1.1.0.tgz",
      "integrity": "sha1-N5Sf6kU7YlasxyXDIM4MWn9wor0=",
      "dev": true
    },
    "loose-envify": {
      "version": "1.3.1",
      "resolved": "https://registry.npmjs.org/loose-envify/-/loose-envify-1.3.1.tgz",
      "integrity": "sha1-0aitM/qc4OcT1l/dCsi3SNR4yEg=",
      "dev": true,
      "requires": {
        "js-tokens": "3.0.2"
      }
    },
    "lower-case": {
      "version": "1.1.4",
      "resolved": "https://registry.npmjs.org/lower-case/-/lower-case-1.1.4.tgz",
      "integrity": "sha1-miyr0bno4K6ZOkv31YdcOcQujqw=",
      "dev": true
    },
    "lower-case-first": {
      "version": "1.0.2",
      "resolved": "https://registry.npmjs.org/lower-case-first/-/lower-case-first-1.0.2.tgz",
      "integrity": "sha1-5dp8JvKacHO+AtUrrJmA5ZIq36E=",
      "dev": true,
      "requires": {
        "lower-case": "1.1.4"
      }
    },
    "lrucache": {
      "version": "0.2.0",
      "resolved": "https://registry.npmjs.org/lrucache/-/lrucache-0.2.0.tgz",
      "integrity": "sha1-Htx9yEVFSlx7a9DPMC8TuFs/Bto=",
      "dev": true
    },
    "map-obj": {
      "version": "1.0.1",
      "resolved": "https://registry.npmjs.org/map-obj/-/map-obj-1.0.1.tgz",
      "integrity": "sha1-2TPOuSBdgr3PSIb2dCvcK03qFG0=",
      "dev": true
    },
    "marked": {
      "version": "0.3.6",
      "resolved": "https://registry.npmjs.org/marked/-/marked-0.3.6.tgz",
      "integrity": "sha1-ssbGGPzOzk74bE/Gy4p8v1rtqNc=",
      "dev": true
    },
    "media-typer": {
      "version": "0.3.0",
      "resolved": "https://registry.npmjs.org/media-typer/-/media-typer-0.3.0.tgz",
      "integrity": "sha1-hxDXrwqmJvj/+hzgAWhUUmMlV0g=",
      "dev": true
    },
    "meow": {
      "version": "2.0.0",
      "resolved": "https://registry.npmjs.org/meow/-/meow-2.0.0.tgz",
      "integrity": "sha1-j1MKjs9dQNP0tN+Tw0cpAPuiqPE=",
      "dev": true,
      "requires": {
        "camelcase-keys": "1.0.0",
        "indent-string": "1.2.2",
        "minimist": "1.2.0",
        "object-assign": "1.0.0"
      },
      "dependencies": {
        "minimist": {
          "version": "1.2.0",
          "resolved": "https://registry.npmjs.org/minimist/-/minimist-1.2.0.tgz",
          "integrity": "sha1-o1AIsg9BOD7sH7kU9M1d95omQoQ=",
          "dev": true
        }
      }
    },
    "minimatch": {
      "version": "3.0.4",
      "resolved": "https://registry.npmjs.org/minimatch/-/minimatch-3.0.4.tgz",
      "integrity": "sha512-yJHVQEhyqPLUTgt9B83PXu6W3rx4MvvHvSUvToogpwoGDOUQ+yDrR0HRot+yOCdCO7u4hX3pWft6kWBBcqh0UA==",
      "dev": true,
      "requires": {
        "brace-expansion": "1.1.8"
      }
    },
    "minimist": {
      "version": "0.0.8",
      "resolved": "https://registry.npmjs.org/minimist/-/minimist-0.0.8.tgz",
      "integrity": "sha1-hX/Kv8M5fSYluCKCYuhqp6ARsF0=",
      "dev": true
    },
    "mkdirp": {
      "version": "0.5.1",
      "resolved": "https://registry.npmjs.org/mkdirp/-/mkdirp-0.5.1.tgz",
      "integrity": "sha1-MAV0OOrGz3+MR2fzhkjWaX11yQM=",
      "dev": true,
      "requires": {
        "minimist": "0.0.8"
      }
    },
    "mocha": {
      "version": "3.2.0",
      "resolved": "https://registry.npmjs.org/mocha/-/mocha-3.2.0.tgz",
      "integrity": "sha1-fcT0XlCIB1FxpoiWgU5q6et6heM=",
      "dev": true,
      "requires": {
        "browser-stdout": "1.3.0",
        "commander": "2.9.0",
        "debug": "2.2.0",
        "diff": "1.4.0",
        "escape-string-regexp": "1.0.5",
        "glob": "7.0.5",
        "growl": "1.9.2",
        "json3": "3.3.2",
        "lodash.create": "3.1.1",
        "mkdirp": "0.5.1",
        "supports-color": "3.1.2"
      },
      "dependencies": {
        "glob": {
          "version": "7.0.5",
          "resolved": "https://registry.npmjs.org/glob/-/glob-7.0.5.tgz",
          "integrity": "sha1-tCAqaQmbu00pKnwblbZoK2fr3JU=",
          "dev": true,
          "requires": {
            "fs.realpath": "1.0.0",
            "inflight": "1.0.6",
            "inherits": "2.0.3",
            "minimatch": "3.0.4",
            "once": "1.4.0",
            "path-is-absolute": "1.0.1"
          }
        }
      }
    },
    "ms": {
      "version": "0.7.1",
      "resolved": "https://registry.npmjs.org/ms/-/ms-0.7.1.tgz",
      "integrity": "sha1-nNE8A62/8ltl7/3nzoZO6VIBcJg=",
      "dev": true
    },
    "number-is-nan": {
      "version": "1.0.1",
      "resolved": "https://registry.npmjs.org/number-is-nan/-/number-is-nan-1.0.1.tgz",
      "integrity": "sha1-CXtgK1NCKlIsGvuHkDGDNpQaAR0=",
      "dev": true
    },
    "object-assign": {
      "version": "1.0.0",
      "resolved": "https://registry.npmjs.org/object-assign/-/object-assign-1.0.0.tgz",
      "integrity": "sha1-5l3Idm07R7S4MHRlyDEdoDCwcKY=",
      "dev": true
    },
    "once": {
      "version": "1.4.0",
      "resolved": "https://registry.npmjs.org/once/-/once-1.4.0.tgz",
      "integrity": "sha1-WDsap3WWHUsROsF9nFC6753Xa9E=",
      "dev": true,
      "requires": {
        "wrappy": "1.0.2"
      }
    },
    "param-case": {
      "version": "1.1.2",
      "resolved": "https://registry.npmjs.org/param-case/-/param-case-1.1.2.tgz",
      "integrity": "sha1-3LCRpDwlm5Io8cNB57akTqC/l0M=",
      "dev": true,
      "requires": {
        "sentence-case": "1.1.3"
      }
    },
    "pascal-case": {
      "version": "1.1.2",
      "resolved": "https://registry.npmjs.org/pascal-case/-/pascal-case-1.1.2.tgz",
      "integrity": "sha1-Pl1kogBDgwp8STRMLXS0G+DJyZs=",
      "dev": true,
      "requires": {
        "camel-case": "1.2.2",
        "upper-case-first": "1.1.2"
      }
    },
    "path-case": {
      "version": "1.1.2",
      "resolved": "https://registry.npmjs.org/path-case/-/path-case-1.1.2.tgz",
      "integrity": "sha1-UM5roNO+090LXCqcRVNpdDRAlRQ=",
      "dev": true,
      "requires": {
        "sentence-case": "1.1.3"
      }
    },
    "path-is-absolute": {
      "version": "1.0.1",
      "resolved": "https://registry.npmjs.org/path-is-absolute/-/path-is-absolute-1.0.1.tgz",
      "integrity": "sha1-F0uSaHNVNP+8es5r9TpanhtcX18=",
      "dev": true
    },
    "pathval": {
      "version": "1.1.0",
      "resolved": "https://registry.npmjs.org/pathval/-/pathval-1.1.0.tgz",
      "integrity": "sha1-uULm1L3mUwBe9rcTYd74cn0GReA=",
      "dev": true
    },
    "pluralize": {
      "version": "1.2.1",
      "resolved": "https://registry.npmjs.org/pluralize/-/pluralize-1.2.1.tgz",
      "integrity": "sha1-0aIUg/0iu0HlihL6NCGCMUCJfEU=",
      "dev": true
    },
    "process-nextick-args": {
      "version": "1.0.7",
      "resolved": "https://registry.npmjs.org/process-nextick-args/-/process-nextick-args-1.0.7.tgz",
      "integrity": "sha1-FQ4gt1ZZCtP5EJPyWk8q2L/zC6M=",
      "dev": true
    },
    "promise": {
      "version": "7.3.1",
      "resolved": "https://registry.npmjs.org/promise/-/promise-7.3.1.tgz",
      "integrity": "sha512-nolQXZ/4L+bP/UGlkfaIujX9BKxGwmQ9OT4mOt5yvy8iK1h3wqTEJCijzGANTCCl9nWjY41juyAn2K3Q1hLLTg==",
      "dev": true,
      "requires": {
        "asap": "2.0.6"
      }
    },
    "promise-polyfill": {
      "version": "5.2.1",
      "resolved": "https://registry.npmjs.org/promise-polyfill/-/promise-polyfill-5.2.1.tgz",
      "integrity": "sha1-u61wTnbJgMGW2vJhytRk/L1NdaQ=",
      "dev": true
    },
    "q": {
      "version": "1.5.1",
      "resolved": "https://registry.npmjs.org/q/-/q-1.5.1.tgz",
      "integrity": "sha1-fjL3W0E4EpHQRhHxvxQQmsAGUdc=",
      "dev": true
    },
    "qs": {
      "version": "6.5.1",
      "resolved": "https://registry.npmjs.org/qs/-/qs-6.5.1.tgz",
      "integrity": "sha512-eRzhrN1WSINYCDCbrz796z37LOe3m5tmW7RQf6oBntukAG1nmovJvhnwHHRMAfeoItc1m2Hk02WER2aQ/iqs+A==",
      "dev": true
    },
    "raml-1-parser": {
      "version": "1.1.9",
      "resolved": "https://registry.npmjs.org/raml-1-parser/-/raml-1-parser-1.1.9.tgz",
      "integrity": "sha1-cXGx0iUS8EPIP6NilyBNNfHroAI=",
      "dev": true,
      "requires": {
        "base64url": "1.0.6",
        "change-case": "2.3.1",
        "concat-stream": "1.6.0",
        "http-response-object": "1.1.0",
        "invariant": "2.2.2",
        "json-schema-compatibility": "1.1.0",
        "json-stable-stringify": "1.0.1",
        "loophole": "1.1.0",
        "lrucache": "0.2.0",
        "marked": "0.3.6",
        "media-typer": "0.3.0",
        "mkdirp": "0.5.1",
        "pluralize": "1.2.1",
        "promise-polyfill": "5.2.1",
        "q": "1.5.1",
        "raml-definition-system": "0.0.52",
        "then-request": "2.2.0",
        "ts-model": "0.0.12",
        "ts-structure-parser": "0.0.12",
        "typescript-compiler": "1.4.1-2",
        "underscore": "1.8.3",
        "wrench": "1.5.9",
        "xhr2": "0.1.4",
        "xmldom": "0.1.27",
        "xmlhttprequest": "1.8.0",
        "yaml-ast-parser": "0.0.30",
        "z-schema": "3.18.4"
      }
    },
    "raml-definition-system": {
      "version": "0.0.52",
      "resolved": "https://registry.npmjs.org/raml-definition-system/-/raml-definition-system-0.0.52.tgz",
      "integrity": "sha1-iMG5uVbu3CKsRDVzL7Az4onaaZU=",
      "dev": true,
      "requires": {
        "know-your-http-well": "0.2.0",
        "raml-typesystem": "0.0.58",
        "ts-structure-parser": "0.0.12",
        "underscore": "1.8.3"
      }
    },
    "raml-json-validation": {
      "version": "0.0.6",
      "resolved": "https://registry.npmjs.org/raml-json-validation/-/raml-json-validation-0.0.6.tgz",
      "integrity": "sha1-U9K5+b7lj4iDH7mc9mMxkZ6XSJw=",
      "dev": true,
      "optional": true,
      "requires": {
        "z-schema": "3.18.4"
      }
    },
    "raml-typesystem": {
      "version": "0.0.58",
      "resolved": "https://registry.npmjs.org/raml-typesystem/-/raml-typesystem-0.0.58.tgz",
      "integrity": "sha1-FJCiL0eIUIpqAHTc0ppL3UvZ9Hk=",
      "dev": true,
      "requires": {
        "date-and-time": "0.3.0",
        "json-schema-compatibility": "1.1.0",
        "lrucache": "1.0.3",
        "raml-json-validation": "0.0.6",
        "raml-xml-validation": "0.0.5",
        "underscore": "1.8.3",
        "xml2js": "0.4.19",
        "xmldom": "0.1.27"
      },
      "dependencies": {
        "lrucache": {
          "version": "1.0.3",
          "resolved": "https://registry.npmjs.org/lrucache/-/lrucache-1.0.3.tgz",
          "integrity": "sha1-Ox3tDRuoLhiLm9q6nu5khvhkpDQ=",
          "dev": true
        }
      }
    },
    "raml-xml-validation": {
      "version": "0.0.5",
      "resolved": "https://registry.npmjs.org/raml-xml-validation/-/raml-xml-validation-0.0.5.tgz",
      "integrity": "sha1-bkOfKtaQbBgHg6LyuS0kzlAfOdw=",
      "dev": true,
      "optional": true,
      "requires": {
        "xmllint-jsparser": "0.0.3"
      }
    },
    "readable-stream": {
      "version": "1.1.14",
      "resolved": "https://registry.npmjs.org/readable-stream/-/readable-stream-1.1.14.tgz",
      "integrity": "sha1-fPTFTvZI44EwhMY23SB54WbAgdk=",
      "dev": true,
      "requires": {
        "core-util-is": "1.0.2",
        "inherits": "2.0.3",
        "isarray": "0.0.1",
        "string_decoder": "0.10.31"
      }
    },
    "repeating": {
      "version": "1.1.3",
      "resolved": "https://registry.npmjs.org/repeating/-/repeating-1.1.3.tgz",
      "integrity": "sha1-PUEUIYh3U3SU+X93+Xhfq4EPpKw=",
      "dev": true,
      "requires": {
        "is-finite": "1.0.2"
      }
    },
    "safe-buffer": {
      "version": "5.1.1",
      "resolved": "https://registry.npmjs.org/safe-buffer/-/safe-buffer-5.1.1.tgz",
      "integrity": "sha512-kKvNJn6Mm93gAczWVJg7wH+wGYWNrDHdWvpUmHyEsgCtIwwo3bqPtV4tR5tuPaUhTOo/kvhVwd8XwwOllGYkbg==",
      "dev": true
    },
    "sax": {
      "version": "1.2.4",
      "resolved": "https://registry.npmjs.org/sax/-/sax-1.2.4.tgz",
      "integrity": "sha512-NqVDv9TpANUjFm0N8uM5GxL36UgKi9/atZw+x7YFnQ8ckwFGKrl4xX4yWtrey3UJm5nP1kUbnYgLopqWNSRhWw==",
      "dev": true
    },
    "sentence-case": {
      "version": "1.1.3",
      "resolved": "https://registry.npmjs.org/sentence-case/-/sentence-case-1.1.3.tgz",
      "integrity": "sha1-gDSq/CFFdy06vhUJqkLJ4QQtwTk=",
      "dev": true,
      "requires": {
        "lower-case": "1.1.4"
      }
    },
    "snake-case": {
      "version": "1.1.2",
      "resolved": "https://registry.npmjs.org/snake-case/-/snake-case-1.1.2.tgz",
      "integrity": "sha1-DC8l4wUVjZoY09l3BmGH/vilpmo=",
      "dev": true,
      "requires": {
        "sentence-case": "1.1.3"
      }
    },
    "string_decoder": {
      "version": "0.10.31",
      "resolved": "https://registry.npmjs.org/string_decoder/-/string_decoder-0.10.31.tgz",
      "integrity": "sha1-YuIDvEF2bGwoyfyEMB2rHFMQ+pQ=",
      "dev": true
    },
    "supports-color": {
      "version": "3.1.2",
      "resolved": "https://registry.npmjs.org/supports-color/-/supports-color-3.1.2.tgz",
      "integrity": "sha1-cqJiiU2dQIuVbKBf83su2KbiotU=",
      "dev": true,
      "requires": {
        "has-flag": "1.0.0"
      }
    },
    "swap-case": {
      "version": "1.1.2",
      "resolved": "https://registry.npmjs.org/swap-case/-/swap-case-1.1.2.tgz",
      "integrity": "sha1-w5IDpFhzhfrTyFCgvRvK+ggZdOM=",
      "dev": true,
      "requires": {
        "lower-case": "1.1.4",
        "upper-case": "1.1.3"
      }
    },
    "then-request": {
      "version": "2.2.0",
      "resolved": "https://registry.npmjs.org/then-request/-/then-request-2.2.0.tgz",
      "integrity": "sha1-ZnizL6DKIY/laZgbvYhxtZQGDYE=",
      "dev": true,
      "requires": {
        "caseless": "0.11.0",
        "concat-stream": "1.6.0",
        "http-basic": "2.5.1",
        "http-response-object": "1.1.0",
        "promise": "7.3.1",
        "qs": "6.5.1"
      }
    },
    "title-case": {
      "version": "1.1.2",
      "resolved": "https://registry.npmjs.org/title-case/-/title-case-1.1.2.tgz",
      "integrity": "sha1-+uSmrlRr+iLQg6DuqRCkDRLtT1o=",
      "dev": true,
      "requires": {
        "sentence-case": "1.1.3",
        "upper-case": "1.1.3"
      }
    },
    "ts-model": {
      "version": "0.0.12",
      "resolved": "https://registry.npmjs.org/ts-model/-/ts-model-0.0.12.tgz",
      "integrity": "sha1-5Tp8Jt4GRUJ677YhFnaCy5flboE=",
      "dev": true,
      "requires": {
        "underscore": "1.8.3"
      }
    },
    "ts-structure-parser": {
      "version": "0.0.12",
      "resolved": "https://registry.npmjs.org/ts-structure-parser/-/ts-structure-parser-0.0.12.tgz",
      "integrity": "sha1-+V9fJ7DzfZe8CG4Ud6ClWol5VNo=",
      "dev": true,
      "requires": {
        "typescript": "1.8.7",
        "underscore": "1.8.3"
      }
    },
    "type-detect": {
      "version": "4.0.3",
      "resolved": "https://registry.npmjs.org/type-detect/-/type-detect-4.0.3.tgz",
      "integrity": "sha1-Dj8mcLRAmbC0bChNE2p+9Jx0wuo=",
      "dev": true
    },
    "typedarray": {
      "version": "0.0.6",
      "resolved": "https://registry.npmjs.org/typedarray/-/typedarray-0.0.6.tgz",
      "integrity": "sha1-hnrHTjhkGHsdPUfZlqeOxciDB3c=",
      "dev": true
    },
    "typescript": {
      "version": "1.8.7",
      "resolved": "https://registry.npmjs.org/typescript/-/typescript-1.8.7.tgz",
      "integrity": "sha1-NeODjeMckc/h2MIODleF04aTikk=",
      "dev": true
    },
    "typescript-compiler": {
      "version": "1.4.1-2",
      "resolved": "https://registry.npmjs.org/typescript-compiler/-/typescript-compiler-1.4.1-2.tgz",
      "integrity": "sha1-uk99si2RU0oZKdkACdzhYety/T8=",
      "dev": true
    },
    "underscore": {
      "version": "1.8.3",
      "resolved": "https://registry.npmjs.org/underscore/-/underscore-1.8.3.tgz",
      "integrity": "sha1-Tz+1OxBuYJf8+ctBCfKl6b36UCI=",
      "dev": true
    },
    "upper-case": {
      "version": "1.1.3",
      "resolved": "https://registry.npmjs.org/upper-case/-/upper-case-1.1.3.tgz",
      "integrity": "sha1-9rRQHC7EzdJrp4vnIilh3ndiFZg=",
      "dev": true
    },
    "upper-case-first": {
      "version": "1.1.2",
      "resolved": "https://registry.npmjs.org/upper-case-first/-/upper-case-first-1.1.2.tgz",
      "integrity": "sha1-XXm+3P8UQZUY/S7bCgUHybaFkRU=",
      "dev": true,
      "requires": {
        "upper-case": "1.1.3"
      }
    },
    "util-deprecate": {
      "version": "1.0.2",
      "resolved": "https://registry.npmjs.org/util-deprecate/-/util-deprecate-1.0.2.tgz",
      "integrity": "sha1-RQ1Nyfpw3nMnYvvS1KKJgUGaDM8=",
      "dev": true
    },
    "validator": {
      "version": "8.2.0",
      "resolved": "https://registry.npmjs.org/validator/-/validator-8.2.0.tgz",
      "integrity": "sha512-Yw5wW34fSv5spzTXNkokD6S6/Oq92d8q/t14TqsS3fAiA1RYnxSFSIZ+CY3n6PGGRCq5HhJTSepQvFUS2QUDxA==",
      "dev": true
    },
    "wrappy": {
      "version": "1.0.2",
      "resolved": "https://registry.npmjs.org/wrappy/-/wrappy-1.0.2.tgz",
      "integrity": "sha1-tSQ9jz7BqjXxNkYFvA0QNuMKtp8=",
      "dev": true
    },
    "wrench": {
      "version": "1.5.9",
      "resolved": "https://registry.npmjs.org/wrench/-/wrench-1.5.9.tgz",
      "integrity": "sha1-QRaRxjqbJTGxcAJnJ5veyiOyFCo=",
      "dev": true
    },
    "xhr2": {
      "version": "0.1.4",
      "resolved": "https://registry.npmjs.org/xhr2/-/xhr2-0.1.4.tgz",
      "integrity": "sha1-f4dliEdxbbUCYyOBL4GMras4el8=",
      "dev": true
    },
    "xml2js": {
      "version": "0.4.19",
      "resolved": "https://registry.npmjs.org/xml2js/-/xml2js-0.4.19.tgz",
      "integrity": "sha512-esZnJZJOiJR9wWKMyuvSE1y6Dq5LCuJanqhxslH2bxM6duahNZ+HMpCLhBQGZkbX6xRf8x1Y2eJlgt2q3qo49Q==",
      "dev": true,
      "requires": {
        "sax": "1.2.4",
        "xmlbuilder": "9.0.4"
      }
    },
    "xmlbuilder": {
      "version": "9.0.4",
      "resolved": "https://registry.npmjs.org/xmlbuilder/-/xmlbuilder-9.0.4.tgz",
      "integrity": "sha1-UZy0ymhtAFqEINNJbz8MruzKWA8=",
      "dev": true
    },
    "xmldom": {
      "version": "0.1.27",
      "resolved": "https://registry.npmjs.org/xmldom/-/xmldom-0.1.27.tgz",
      "integrity": "sha1-1QH5ezvbQDr4757MIFcxh6rawOk=",
      "dev": true
    },
    "xmlhttprequest": {
      "version": "1.8.0",
      "resolved": "https://registry.npmjs.org/xmlhttprequest/-/xmlhttprequest-1.8.0.tgz",
      "integrity": "sha1-Z/4HXFwk/vOfnWX197f+dRcZaPw=",
      "dev": true
    },
    "xmllint-jsparser": {
      "version": "0.0.3",
      "resolved": "https://registry.npmjs.org/xmllint-jsparser/-/xmllint-jsparser-0.0.3.tgz",
      "integrity": "sha1-aLBRNDkX2pX3e3oMeg+7QAF142Y=",
      "dev": true,
      "optional": true
    },
    "yaml-ast-parser": {
      "version": "0.0.30",
      "resolved": "https://registry.npmjs.org/yaml-ast-parser/-/yaml-ast-parser-0.0.30.tgz",
      "integrity": "sha1-lXnF0IAKmNvYJkTqhdlOILpWYrw=",
      "dev": true
    },
    "z-schema": {
      "version": "3.18.4",
      "resolved": "https://registry.npmjs.org/z-schema/-/z-schema-3.18.4.tgz",
      "integrity": "sha512-DUOKC/IhbkdLKKiV89gw9DUauTV8U/8yJl1sjf6MtDmzevLKOF2duNJ495S3MFVjqZarr+qNGCPbkg4mu4PpLw==",
      "dev": true,
      "requires": {
        "commander": "2.9.0",
        "lodash.get": "4.4.2",
        "lodash.isequal": "4.5.0",
        "validator": "8.2.0"
      }
    }
  }
}
